
Microsoft Visual Studio Solution File, Format Version 12.00
# Visual Studio 15
VisualStudioVersion = 15.0.28010.2036
MinimumVisualStudioVersion = 10.0.40219.1
Project("{FAE04EC0-301F-11D3-BF4B-00C04F79EFBC}") = "KomplexerRechner", "KomplexerRechner\KomplexerRechner.csproj", "{31A1A1A8-827B-4CBE-9710-D08A3DA29F06}"
EndProject
Project("{FAE04EC0-301F-11D3-BF4B-00C04F79EFBC}") = "KomplexerRechnerTests", "KomplexerRechnerTests\KomplexerRechnerTests.csproj", "{B95D42C9-4575-411B-8F03-0E458A321A76}"
EndProject
Global
	GlobalSection(SolutionConfigurationPlatforms) = preSolution
		Debug|Any CPU = Debug|Any CPU
		Release|Any CPU = Release|Any CPU
	EndGlobalSection
	GlobalSection(ProjectConfigurationPlatforms) = postSolution
		{31A1A1A8-827B-4CBE-9710-D08A3DA29F06}.Debug|Any CPU.ActiveCfg = Debug|Any CPU
		{31A1A1A8-827B-4CBE-9710-D08A3DA29F06}.Debug|Any CPU.Build.0 = Debug|Any CPU
		{31A1A1A8-827B-4CBE-9710-D08A3DA29F06}.Release|Any CPU.ActiveCfg = Release|Any CPU
		{31A1A1A8-827B-4CBE-9710-D08A3DA29F06}.Release|Any CPU.Build.0 = Release|Any CPU
		{B95D42C9-4575-411B-8F03-0E458A321A76}.Debug|Any CPU.ActiveCfg = Debug|Any CPU
		{B95D42C9-4575-411B-8F03-0E458A321A76}.Debug|Any CPU.Build.0 = Debug|Any CPU
		{B95D42C9-4575-411B-8F03-0E458A321A76}.Release|Any CPU.ActiveCfg = Release|Any CPU
		{B95D42C9-4575-411B-8F03-0E458A321A76}.Release|Any CPU.Build.0 = Release|Any CPU
	EndGlobalSection
	GlobalSection(SolutionProperties) = preSolution
		HideSolutionNode = FALSE
	EndGlobalSection
	GlobalSection(ExtensibilityGlobals) = postSolution
		SolutionGuid = {AAF612D8-AD2F-4361-953B-334E314B9DE8}
	EndGlobalSection
EndGlobal
